// !$*UTF8*$!
{
	archiveVersion = 1;
	classes = {
	};
	objectVersion = 46;
	objects = {

/* Begin PBXBuildFile section */
		BC647240184CC5B500135651 /* Foundation.framework in Frameworks */ = {isa = PBXBuildFile; fileRef = BC64723F184CC5B500135651 /* Foundation.framework */; };
		BC647242184CC5B500135651 /* CoreGraphics.framework in Frameworks */ = {isa = PBXBuildFile; fileRef = BC647241184CC5B500135651 /* CoreGraphics.framework */; };
		BC647244184CC5B500135651 /* UIKit.framework in Frameworks */ = {isa = PBXBuildFile; fileRef = BC647243184CC5B500135651 /* UIKit.framework */; };
		BC64724A184CC5B500135651 /* InfoPlist.strings in Resources */ = {isa = PBXBuildFile; fileRef = BC647248184CC5B500135651 /* InfoPlist.strings */; };
		BC64724C184CC5B500135651 /* main.m in Sources */ = {isa = PBXBuildFile; fileRef = BC64724B184CC5B500135651 /* main.m */; };
		BC647250184CC5B500135651 /* AppDelegate.m in Sources */ = {isa = PBXBuildFile; fileRef = BC64724F184CC5B500135651 /* AppDelegate.m */; };
		BC647253184CC5B500135651 /* Main.storyboard in Resources */ = {isa = PBXBuildFile; fileRef = BC647251184CC5B500135651 /* Main.storyboard */; };
		BC647256184CC5B500135651 /* ViewController.m in Sources */ = {isa = PBXBuildFile; fileRef = BC647255184CC5B500135651 /* ViewController.m */; };
		BC647258184CC5B500135651 /* Images.xcassets in Resources */ = {isa = PBXBuildFile; fileRef = BC647257184CC5B500135651 /* Images.xcassets */; };
		BC64725F184CC5B500135651 /* XCTest.framework in Frameworks */ = {isa = PBXBuildFile; fileRef = BC64725E184CC5B500135651 /* XCTest.framework */; };
		BC647260184CC5B500135651 /* Foundation.framework in Frameworks */ = {isa = PBXBuildFile; fileRef = BC64723F184CC5B500135651 /* Foundation.framework */; };
		BC647261184CC5B500135651 /* UIKit.framework in Frameworks */ = {isa = PBXBuildFile; fileRef = BC647243184CC5B500135651 /* UIKit.framework */; };
		BC647269184CC5B500135651 /* InfoPlist.strings in Resources */ = {isa = PBXBuildFile; fileRef = BC647267184CC5B500135651 /* InfoPlist.strings */; };
		BC64726B184CC5B500135651 /* CameraClickTests.m in Sources */ = {isa = PBXBuildFile; fileRef = BC64726A184CC5B500135651 /* CameraClickTests.m */; };
		BCE4C3CD184F09C500A6629A /* CoreMedia.framework in Frameworks */ = {isa = PBXBuildFile; fileRef = BCE4C3CB184F09A900A6629A /* CoreMedia.framework */; };
		BCE4C3CE184F09C500A6629A /* MediaPlayer.framework in Frameworks */ = {isa = PBXBuildFile; fileRef = BCE4C3C7184EFE2F00A6629A /* MediaPlayer.framework */; };
		BCE4C3CF184F09C500A6629A /* MediaToolbox.framework in Frameworks */ = {isa = PBXBuildFile; fileRef = BCE4C3C9184F097D00A6629A /* MediaToolbox.framework */; };
/* End PBXBuildFile section */

/* Begin PBXContainerItemProxy section */
		BC647262184CC5B500135651 /* PBXContainerItemProxy */ = {
			isa = PBXContainerItemProxy;
			containerPortal = BC647234184CC5B500135651 /* Project object */;
			proxyType = 1;
			remoteGlobalIDString = BC64723B184CC5B500135651;
			remoteInfo = CameraClick;
		};
/* End PBXContainerItemProxy section */

/* Begin PBXFileReference section */
		BC64723C184CC5B500135651 /* CameraClick.app */ = {isa = PBXFileReference; explicitFileType = wrapper.application; includeInIndex = 0; path = CameraClick.app; sourceTree = BUILT_PRODUCTS_DIR; };
		BC64723F184CC5B500135651 /* Foundation.framework */ = {isa = PBXFileReference; lastKnownFileType = wrapper.framework; name = Foundation.framework; path = System/Library/Frameworks/Foundation.framework; sourceTree = SDKROOT; };
		BC647241184CC5B500135651 /* CoreGraphics.framework */ = {isa = PBXFileReference; lastKnownFileType = wrapper.framework; name = CoreGraphics.framework; path = System/Library/Frameworks/CoreGraphics.framework; sourceTree = SDKROOT; };
		BC647243184CC5B500135651 /* UIKit.framework */ = {isa = PBXFileReference; lastKnownFileType = wrapper.framework; name = UIKit.framework; path = System/Library/Frameworks/UIKit.framework; sourceTree = SDKROOT; };
		BC647247184CC5B500135651 /* CameraClick-Info.plist */ = {isa = PBXFileReference; lastKnownFileType = text.plist.xml; path = "CameraClick-Info.plist"; sourceTree = "<group>"; };
		BC647249184CC5B500135651 /* en */ = {isa = PBXFileReference; lastKnownFileType = text.plist.strings; name = en; path = en.lproj/InfoPlist.strings; sourceTree = "<group>"; };
		BC64724B184CC5B500135651 /* main.m */ = {isa = PBXFileReference; lastKnownFileType = sourcecode.c.objc; path = main.m; sourceTree = "<group>"; };
		BC64724D184CC5B500135651 /* CameraClick-Prefix.pch */ = {isa = PBXFileReference; lastKnownFileType = sourcecode.c.h; path = "CameraClick-Prefix.pch"; sourceTree = "<group>"; };
		BC64724E184CC5B500135651 /* AppDelegate.h */ = {isa = PBXFileReference; lastKnownFileType = sourcecode.c.h; path = AppDelegate.h; sourceTree = "<group>"; };
		BC64724F184CC5B500135651 /* AppDelegate.m */ = {isa = PBXFileReference; lastKnownFileType = sourcecode.c.objc; path = AppDelegate.m; sourceTree = "<group>"; };
		BC647252184CC5B500135651 /* Base */ = {isa = PBXFileReference; lastKnownFileType = file.storyboard; name = Base; path = Base.lproj/Main.storyboard; sourceTree = "<group>"; };
		BC647254184CC5B500135651 /* ViewController.h */ = {isa = PBXFileReference; lastKnownFileType = sourcecode.c.h; path = ViewController.h; sourceTree = "<group>"; };
		BC647255184CC5B500135651 /* ViewController.m */ = {isa = PBXFileReference; lastKnownFileType = sourcecode.c.objc; path = ViewController.m; sourceTree = "<group>"; };
		BC647257184CC5B500135651 /* Images.xcassets */ = {isa = PBXFileReference; lastKnownFileType = folder.assetcatalog; path = Images.xcassets; sourceTree = "<group>"; };
		BC64725D184CC5B500135651 /* CameraClickTests.xctest */ = {isa = PBXFileReference; explicitFileType = wrapper.cfbundle; includeInIndex = 0; path = CameraClickTests.xctest; sourceTree = BUILT_PRODUCTS_DIR; };
		BC64725E184CC5B500135651 /* XCTest.framework */ = {isa = PBXFileReference; lastKnownFileType = wrapper.framework; name = XCTest.framework; path = Library/Frameworks/XCTest.framework; sourceTree = DEVELOPER_DIR; };
		BC647266184CC5B500135651 /* CameraClickTests-Info.plist */ = {isa = PBXFileReference; lastKnownFileType = text.plist.xml; path = "CameraClickTests-Info.plist"; sourceTree = "<group>"; };
		BC647268184CC5B500135651 /* en */ = {isa = PBXFileReference; lastKnownFileType = text.plist.strings; name = en; path = en.lproj/InfoPlist.strings; sourceTree = "<group>"; };
		BC64726A184CC5B500135651 /* CameraClickTests.m */ = {isa = PBXFileReference; lastKnownFileType = sourcecode.c.objc; path = CameraClickTests.m; sourceTree = "<group>"; };
		BCE4C3C7184EFE2F00A6629A /* MediaPlayer.framework */ = {isa = PBXFileReference; lastKnownFileType = wrapper.framework; name = MediaPlayer.framework; path = System/Library/Frameworks/MediaPlayer.framework; sourceTree = SDKROOT; };
		BCE4C3C9184F097D00A6629A /* MediaToolbox.framework */ = {isa = PBXFileReference; lastKnownFileType = wrapper.framework; name = MediaToolbox.framework; path = System/Library/Frameworks/MediaToolbox.framework; sourceTree = SDKROOT; };
		BCE4C3CB184F09A900A6629A /* CoreMedia.framework */ = {isa = PBXFileReference; lastKnownFileType = wrapper.framework; name = CoreMedia.framework; path = System/Library/Frameworks/CoreMedia.framework; sourceTree = SDKROOT; };
/* End PBXFileReference section */

/* Begin PBXFrameworksBuildPhase section */
		BC647239184CC5B500135651 /* Frameworks */ = {
			isa = PBXFrameworksBuildPhase;
			buildActionMask = 2147483647;
			files = (
				BCE4C3CD184F09C500A6629A /* CoreMedia.framework in Frameworks */,
				BCE4C3CE184F09C500A6629A /* MediaPlayer.framework in Frameworks */,
				BCE4C3CF184F09C500A6629A /* MediaToolbox.framework in Frameworks */,
				BC647242184CC5B500135651 /* CoreGraphics.framework in Frameworks */,
				BC647244184CC5B500135651 /* UIKit.framework in Frameworks */,
				BC647240184CC5B500135651 /* Foundation.framework in Frameworks */,
			);
			runOnlyForDeploymentPostprocessing = 0;
		};
		BC64725A184CC5B500135651 /* Frameworks */ = {
			isa = PBXFrameworksBuildPhase;
			buildActionMask = 2147483647;
			files = (
				BC64725F184CC5B500135651 /* XCTest.framework in Frameworks */,
				BC647261184CC5B500135651 /* UIKit.framework in Frameworks */,
				BC647260184CC5B500135651 /* Foundation.framework in Frameworks */,
			);
			runOnlyForDeploymentPostprocessing = 0;
		};
/* End PBXFrameworksBuildPhase section */

/* Begin PBXGroup section */
		BC647233184CC5B500135651 = {
			isa = PBXGroup;
			children = (
				BC647245184CC5B500135651 /* CameraClick */,
				BC647264184CC5B500135651 /* CameraClickTests */,
				BC64723E184CC5B500135651 /* Frameworks */,
				BC64723D184CC5B500135651 /* Products */,
			);
			sourceTree = "<group>";
		};
		BC64723D184CC5B500135651 /* Products */ = {
			isa = PBXGroup;
			children = (
				BC64723C184CC5B500135651 /* CameraClick.app */,
				BC64725D184CC5B500135651 /* CameraClickTests.xctest */,
			);
			name = Products;
			sourceTree = "<group>";
		};
		BC64723E184CC5B500135651 /* Frameworks */ = {
			isa = PBXGroup;
			children = (
				BCE4C3CB184F09A900A6629A /* CoreMedia.framework */,
				BCE4C3C9184F097D00A6629A /* MediaToolbox.framework */,
				BCE4C3C7184EFE2F00A6629A /* MediaPlayer.framework */,
				BC64723F184CC5B500135651 /* Foundation.framework */,
				BC647241184CC5B500135651 /* CoreGraphics.framework */,
				BC647243184CC5B500135651 /* UIKit.framework */,
				BC64725E184CC5B500135651 /* XCTest.framework */,
			);
			name = Frameworks;
			sourceTree = "<group>";
		};
		BC647245184CC5B500135651 /* CameraClick */ = {
			isa = PBXGroup;
			children = (
				BC64724E184CC5B500135651 /* AppDelegate.h */,
				BC64724F184CC5B500135651 /* AppDelegate.m */,
				BC647251184CC5B500135651 /* Main.storyboard */,
				BC647254184CC5B500135651 /* ViewController.h */,
				BC647255184CC5B500135651 /* ViewController.m */,
				BC647257184CC5B500135651 /* Images.xcassets */,
				BC647246184CC5B500135651 /* Supporting Files */,
			);
			path = CameraClick;
			sourceTree = "<group>";
		};
		BC647246184CC5B500135651 /* Supporting Files */ = {
			isa = PBXGroup;
			children = (
				BC647247184CC5B500135651 /* CameraClick-Info.plist */,
				BC647248184CC5B500135651 /* InfoPlist.strings */,
				BC64724B184CC5B500135651 /* main.m */,
				BC64724D184CC5B500135651 /* CameraClick-Prefix.pch */,
			);
			name = "Supporting Files";
			sourceTree = "<group>";
		};
		BC647264184CC5B500135651 /* CameraClickTests */ = {
			isa = PBXGroup;
			children = (
				BC64726A184CC5B500135651 /* CameraClickTests.m */,
				BC647265184CC5B500135651 /* Supporting Files */,
			);
			path = CameraClickTests;
			sourceTree = "<group>";
		};
		BC647265184CC5B500135651 /* Supporting Files */ = {
			isa = PBXGroup;
			children = (
				BC647266184CC5B500135651 /* CameraClickTests-Info.plist */,
				BC647267184CC5B500135651 /* InfoPlist.strings */,
			);
			name = "Supporting Files";
			sourceTree = "<group>";
		};
/* End PBXGroup section */

/* Begin PBXNativeTarget section */
		BC64723B184CC5B500135651 /* CameraClick */ = {
			isa = PBXNativeTarget;
			buildConfigurationList = BC64726E184CC5B500135651 /* Build configuration list for PBXNativeTarget "CameraClick" */;
			buildPhases = (
				BC647238184CC5B500135651 /* Sources */,
				BC647239184CC5B500135651 /* Frameworks */,
				BC64723A184CC5B500135651 /* Resources */,
			);
			buildRules = (
			);
			dependencies = (
			);
			name = CameraClick;
			productName = CameraClick;
			productReference = BC64723C184CC5B500135651 /* CameraClick.app */;
			productType = "com.apple.product-type.application";
		};
		BC64725C184CC5B500135651 /* CameraClickTests */ = {
			isa = PBXNativeTarget;
			buildConfigurationList = BC647271184CC5B500135651 /* Build configuration list for PBXNativeTarget "CameraClickTests" */;
			buildPhases = (
				BC647259184CC5B500135651 /* Sources */,
				BC64725A184CC5B500135651 /* Frameworks */,
				BC64725B184CC5B500135651 /* Resources */,
			);
			buildRules = (
			);
			dependencies = (
				BC647263184CC5B500135651 /* PBXTargetDependency */,
			);
			name = CameraClickTests;
			productName = CameraClickTests;
			productReference = BC64725D184CC5B500135651 /* CameraClickTests.xctest */;
			productType = "com.apple.product-type.bundle.unit-test";
		};
/* End PBXNativeTarget section */

/* Begin PBXProject section */
		BC647234184CC5B500135651 /* Project object */ = {
			isa = PBXProject;
			attributes = {
				LastUpgradeCheck = 0500;
				ORGANIZATIONNAME = GS;
				TargetAttributes = {
					BC64725C184CC5B500135651 = {
						TestTargetID = BC64723B184CC5B500135651;
					};
				};
			};
			buildConfigurationList = BC647237184CC5B500135651 /* Build configuration list for PBXProject "CameraClick" */;
			compatibilityVersion = "Xcode 3.2";
			developmentRegion = English;
			hasScannedForEncodings = 0;
			knownRegions = (
				en,
				Base,
			);
			mainGroup = BC647233184CC5B500135651;
			productRefGroup = BC64723D184CC5B500135651 /* Products */;
			projectDirPath = "";
			projectRoot = "";
			targets = (
				BC64723B184CC5B500135651 /* CameraClick */,
				BC64725C184CC5B500135651 /* CameraClickTests */,
			);
		};
/* End PBXProject section */

/* Begin PBXResourcesBuildPhase section */
		BC64723A184CC5B500135651 /* Resources */ = {
			isa = PBXResourcesBuildPhase;
			buildActionMask = 2147483647;
			files = (
				BC647258184CC5B500135651 /* Images.xcassets in Resources */,
				BC64724A184CC5B500135651 /* InfoPlist.strings in Resources */,
				BC647253184CC5B500135651 /* Main.storyboard in Resources */,
			);
			runOnlyForDeploymentPostprocessing = 0;
		};
		BC64725B184CC5B500135651 /* Resources */ = {
			isa = PBXResourcesBuildPhase;
			buildActionMask = 2147483647;
			files = (
				BC647269184CC5B500135651 /* InfoPlist.strings in Resources */,
			);
			runOnlyForDeploymentPostprocessing = 0;
		};
/* End PBXResourcesBuildPhase section */

/* Begin PBXSourcesBuildPhase section */
		BC647238184CC5B500135651 /* Sources */ = {
			isa = PBXSourcesBuildPhase;
			buildActionMask = 2147483647;
			files = (
				BC647256184CC5B500135651 /* ViewController.m in Sources */,
				BC647250184CC5B500135651 /* AppDelegate.m in Sources */,
				BC64724C184CC5B500135651 /* main.m in Sources */,
			);
			runOnlyForDeploymentPostprocessing = 0;
		};
		BC647259184CC5B500135651 /* Sources */ = {
			isa = PBXSourcesBuildPhase;
			buildActionMask = 2147483647;
			files = (
				BC64726B184CC5B500135651 /* CameraClickTests.m in Sources */,
			);
			runOnlyForDeploymentPostprocessing = 0;
		};
/* End PBXSourcesBuildPhase section */

/* Begin PBXTargetDependency section */
		BC647263184CC5B500135651 /* PBXTargetDependency */ = {
			isa = PBXTargetDependency;
			target = BC64723B184CC5B500135651 /* CameraClick */;
			targetProxy = BC647262184CC5B500135651 /* PBXContainerItemProxy */;
		};
/* End PBXTargetDependency section */

/* Begin PBXVariantGroup section */
		BC647248184CC5B500135651 /* InfoPlist.strings */ = {
			isa = PBXVariantGroup;
			children = (
				BC647249184CC5B500135651 /* en */,
			);
			name = InfoPlist.strings;
			sourceTree = "<group>";
		};
		BC647251184CC5B500135651 /* Main.storyboard */ = {
			isa = PBXVariantGroup;
			children = (
				BC647252184CC5B500135651 /* Base */,
			);
			name = Main.storyboard;
			sourceTree = "<group>";
		};
		BC647267184CC5B500135651 /* InfoPlist.strings */ = {
			isa = PBXVariantGroup;
			children = (
				BC647268184CC5B500135651 /* en */,
			);
			name = InfoPlist.strings;
			sourceTree = "<group>";
		};
/* End PBXVariantGroup section */

/* Begin XCBuildConfiguration section */
		BC64726C184CC5B500135651 /* Debug */ = {
			isa = XCBuildConfiguration;
			buildSettings = {
				ALWAYS_SEARCH_USER_PATHS = NO;
				ARCHS = "$(ARCHS_STANDARD_INCLUDING_64_BIT)";
				CLANG_CXX_LANGUAGE_STANDARD = "gnu++0x";
				CLANG_CXX_LIBRARY = "libc++";
				CLANG_ENABLE_MODULES = YES;
				CLANG_ENABLE_OBJC_ARC = YES;
				CLANG_WARN_BOOL_CONVERSION = YES;
				CLANG_WARN_CONSTANT_CONVERSION = YES;
				CLANG_WARN_DIRECT_OBJC_ISA_USAGE = YES_ERROR;
				CLANG_WARN_EMPTY_BODY = YES;
				CLANG_WARN_ENUM_CONVERSION = YES;
				CLANG_WARN_INT_CONVERSION = YES;
				CLANG_WARN_OBJC_ROOT_CLASS = YES_ERROR;
				CLANG_WARN__DUPLICATE_METHOD_MATCH = YES;
				CODE_SIGN_IDENTITY = "iPhone Distribution: Aptara, Inc.";
				"CODE_SIGN_IDENTITY[sdk=iphoneos*]" = "iPhone Distribution: Aptara, Inc.";
				COPY_PHASE_STRIP = NO;
				GCC_C_LANGUAGE_STANDARD = gnu99;
				GCC_DYNAMIC_NO_PIC = NO;
				GCC_OPTIMIZATION_LEVEL = 0;
				GCC_PREPROCESSOR_DEFINITIONS = (
					"DEBUG=1",
					"$(inherited)",
				);
				GCC_SYMBOLS_PRIVATE_EXTERN = NO;
				GCC_WARN_64_TO_32_BIT_CONVERSION = YES;
				GCC_WARN_ABOUT_RETURN_TYPE = YES_ERROR;
				GCC_WARN_UNDECLARED_SELECTOR = YES;
				GCC_WARN_UNINITIALIZED_AUTOS = YES;
				GCC_WARN_UNUSED_FUNCTION = YES;
				GCC_WARN_UNUSED_VARIABLE = YES;
				IPHONEOS_DEPLOYMENT_TARGET = 6.0;
				ONLY_ACTIVE_ARCH = YES;
				SDKROOT = iphoneos;
				TARGETED_DEVICE_FAMILY = 2;
			};
			name = Debug;
		};
		BC64726D184CC5B500135651 /* Release */ = {
			isa = XCBuildConfiguration;
			buildSettings = {
				ALWAYS_SEARCH_USER_PATHS = NO;
				ARCHS = "$(ARCHS_STANDARD_INCLUDING_64_BIT)";
				CLANG_CXX_LANGUAGE_STANDARD = "gnu++0x";
				CLANG_CXX_LIBRARY = "libc++";
				CLANG_ENABLE_MODULES = YES;
				CLANG_ENABLE_OBJC_ARC = YES;
				CLANG_WARN_BOOL_CONVERSION = YES;
				CLANG_WARN_CONSTANT_CONVERSION = YES;
				CLANG_WARN_DIRECT_OBJC_ISA_USAGE = YES_ERROR;
				CLANG_WARN_EMPTY_BODY = YES;
				CLANG_WARN_ENUM_CONVERSION = YES;
				CLANG_WARN_INT_CONVERSION = YES;
				CLANG_WARN_OBJC_ROOT_CLASS = YES_ERROR;
				CLANG_WARN__DUPLICATE_METHOD_MATCH = YES;
				CODE_SIGN_IDENTITY = "iPhone Distribution: Aptara, Inc.";
				"CODE_SIGN_IDENTITY[sdk=iphoneos*]" = "iPhone Distribution: Aptara, Inc.";
				COPY_PHASE_STRIP = YES;
				ENABLE_NS_ASSERTIONS = NO;
				GCC_C_LANGUAGE_STANDARD = gnu99;
				GCC_WARN_64_TO_32_BIT_CONVERSION = YES;
				GCC_WARN_ABOUT_RETURN_TYPE = YES_ERROR;
				GCC_WARN_UNDECLARED_SELECTOR = YES;
				GCC_WARN_UNINITIALIZED_AUTOS = YES;
				GCC_WARN_UNUSED_FUNCTION = YES;
				GCC_WARN_UNUSED_VARIABLE = YES;
				IPHONEOS_DEPLOYMENT_TARGET = 6.0;
				SDKROOT = iphoneos;
				TARGETED_DEVICE_FAMILY = 2;
				VALIDATE_PRODUCT = YES;
			};
			name = Release;
		};
		BC64726F184CC5B500135651 /* Debug */ = {
			isa = XCBuildConfiguration;
			buildSettings = {
				ASSETCATALOG_COMPILER_APPICON_NAME = AppIcon;
				ASSETCATALOG_COMPILER_LAUNCHIMAGE_NAME = LaunchImage;
				GCC_PRECOMPILE_PREFIX_HEADER = YES;
				GCC_PREFIX_HEADER = "CameraClick/CameraClick-Prefix.pch";
				INFOPLIST_FILE = "CameraClick/CameraClick-Info.plist";
				IPHONEOS_DEPLOYMENT_TARGET = 6.0;
				PRODUCT_NAME = "$(TARGET_NAME)";
				WRAPPER_EXTENSION = app;
			};
			name = Debug;
		};
		BC647270184CC5B500135651 /* Release */ = {
			isa = XCBuildConfiguration;
			buildSettings = {
				ASSETCATALOG_COMPILER_APPICON_NAME = AppIcon;
				ASSETCATALOG_COMPILER_LAUNCHIMAGE_NAME = LaunchImage;
				GCC_PRECOMPILE_PREFIX_HEADER = YES;
				GCC_PREFIX_HEADER = "CameraClick/CameraClick-Prefix.pch";
				INFOPLIST_FILE = "CameraClick/CameraClick-Info.plist";
				IPHONEOS_DEPLOYMENT_TARGET = 6.0;
				PRODUCT_NAME = "$(TARGET_NAME)";
				WRAPPER_EXTENSION = app;
			};
			name = Release;
		};
		BC647272184CC5B500135651 /* Debug */ = {
			isa = XCBuildConfiguration;
			buildSettings = {
				ARCHS = "$(ARCHS_STANDARD_INCLUDING_64_BIT)";
				BUNDLE_LOADER = "$(BUILT_PRODUCTS_DIR)/CameraClick.app/CameraClick";
				FRAMEWORK_SEARCH_PATHS = (
					"$(SDKROOT)/Developer/Library/Frameworks",
					"$(inherited)",
					"$(DEVELOPER_FRAMEWORKS_DIR)",
				);
				GCC_PRECOMPILE_PREFIX_HEADER = YES;
				GCC_PREFIX_HEADER = "CameraClick/CameraClick-Prefix.pch";
				GCC_PREPROCESSOR_DEFINITIONS = (
					"DEBUG=1",
					"$(inherited)",
				);
				INFOPLIST_FILE = "CameraClickTests/CameraClickTests-Info.plist";
				PRODUCT_NAME = "$(TARGET_NAME)";
				TEST_HOST = "$(BUNDLE_LOADER)";
				WRAPPER_EXTENSION = xctest;
			};
			name = Debug;
		};
		BC647273184CC5B500135651 /* Release */ = {
			isa = XCBuildConfiguration;
			buildSettings = {
				ARCHS = "$(ARCHS_STANDARD_INCLUDING_64_BIT)";
				BUNDLE_LOADER = "$(BUILT_PRODUCTS_DIR)/CameraClick.app/CameraClick";
				FRAMEWORK_SEARCH_PATHS = (
					"$(SDKROOT)/Developer/Library/Frameworks",
					"$(inherited)",
					"$(DEVELOPER_FRAMEWORKS_DIR)",
				);
				GCC_PRECOMPILE_PREFIX_HEADER = YES;
				GCC_PREFIX_HEADER = "CameraClick/CameraClick-Prefix.pch";
				INFOPLIST_FILE = "CameraClickTests/CameraClickTests-Info.plist";
				PRODUCT_NAME = "$(TARGET_NAME)";
				TEST_HOST = "$(BUNDLE_LOADER)";
				WRAPPER_EXTENSION = xctest;
			};
			name = Release;
		};
/* End XCBuildConfiguration section */

/* Begin XCConfigurationList section */
		BC647237184CC5B500135651 /* Build configuration list for PBXProject "CameraClick" */ = {
			isa = XCConfigurationList;
			buildConfigurations = (
				BC64726C184CC5B500135651 /* Debug */,
				BC64726D184CC5B500135651 /* Release */,
			);
			defaultConfigurationIsVisible = 0;
			defaultConfigurationName = Release;
		};
		BC64726E184CC5B500135651 /* Build configuration list for PBXNativeTarget "CameraClick" */ = {
			isa = XCConfigurationList;
			buildConfigurations = (
				BC64726F184CC5B500135651 /* Debug */,
				BC647270184CC5B500135651 /* Release */,
			);
			defaultConfigurationIsVisible = 0;
			defaultConfigurationName = Release;
		};
		BC647271184CC5B500135651 /* Build configuration list for PBXNativeTarget "CameraClickTests" */ = {
			isa = XCConfigurationList;
			buildConfigurations = (
				BC647272184CC5B500135651 /* Debug */,
				BC647273184CC5B500135651 /* Release */,
			);
			defaultConfigurationIsVisible = 0;
			defaultConfigurationName = Release;
		};
/* End XCConfigurationList section */
	};
	rootObject = BC647234184CC5B500135651 /* Project object */;
}
